
Microsoft Visual Studio Solution File, Format Version 12.00
# Visual Studio Version 16
VisualStudioVersion = 16.0.29215.179
MinimumVisualStudioVersion = 10.0.40219.1
Project("{9A19103F-16F7-4668-BE54-9A1E7A4F7556}") = "DAL", "DAL.csproj", "{CA062697-5C3A-471F-B698-EC28C306634B}"
EndProject
Project("{9A19103F-16F7-4668-BE54-9A1E7A4F7556}") = "BLL", "..\Proj2\BLL.csproj", "{0A2D1B25-F7E5-4251-AE28-08F508690E76}"
EndProject
Project("{9A19103F-16F7-4668-BE54-9A1E7A4F7556}") = "UI", "..\CodeFirstMain\UI.csproj", "{EFEE4FA6-B01A-4B0C-B4C5-E4988D9F8E52}"
	ProjectSection(ProjectDependencies) = postProject
		{0A2D1B25-F7E5-4251-AE28-08F508690E76} = {0A2D1B25-F7E5-4251-AE28-08F508690E76}
	EndProjectSection
EndProject
Global
	GlobalSection(SolutionConfigurationPlatforms) = preSolution
		Debug|Any CPU = Debug|Any CPU
		Release|Any CPU = Release|Any CPU
	EndGlobalSection
	GlobalSection(ProjectConfigurationPlatforms) = postSolution
		{CA062697-5C3A-471F-B698-EC28C306634B}.Debug|Any CPU.ActiveCfg = Debug|Any CPU
		{CA062697-5C3A-471F-B698-EC28C306634B}.Debug|Any CPU.Build.0 = Debug|Any CPU
		{CA062697-5C3A-471F-B698-EC28C306634B}.Release|Any CPU.ActiveCfg = Release|Any CPU
		{CA062697-5C3A-471F-B698-EC28C306634B}.Release|Any CPU.Build.0 = Release|Any CPU
		{0A2D1B25-F7E5-4251-AE28-08F508690E76}.Debug|Any CPU.ActiveCfg = Debug|Any CPU
		{0A2D1B25-F7E5-4251-AE28-08F508690E76}.Debug|Any CPU.Build.0 = Debug|Any CPU
		{0A2D1B25-F7E5-4251-AE28-08F508690E76}.Release|Any CPU.ActiveCfg = Release|Any CPU
		{0A2D1B25-F7E5-4251-AE28-08F508690E76}.Release|Any CPU.Build.0 = Release|Any CPU
		{EFEE4FA6-B01A-4B0C-B4C5-E4988D9F8E52}.Debug|Any CPU.ActiveCfg = Debug|Any CPU
		{EFEE4FA6-B01A-4B0C-B4C5-E4988D9F8E52}.Debug|Any CPU.Build.0 = Debug|Any CPU
		{EFEE4FA6-B01A-4B0C-B4C5-E4988D9F8E52}.Release|Any CPU.ActiveCfg = Release|Any CPU
		{EFEE4FA6-B01A-4B0C-B4C5-E4988D9F8E52}.Release|Any CPU.Build.0 = Release|Any CPU
	EndGlobalSection
	GlobalSection(SolutionProperties) = preSolution
		HideSolutionNode = FALSE
	EndGlobalSection
	GlobalSection(ExtensibilityGlobals) = postSolution
		SolutionGuid = {05829445-FFC1-40F5-AD05-E75B428543E6}
	EndGlobalSection
EndGlobal
